version = 1
revision = 3
requires-python = ">=3.13"

[[package]]
name = "igraph"
version = "1.0.0"
source = { registry = "https://pypi.org/simple" }
dependencies = [
    { name = "texttable" },
]
sdist = { url = "https://files.pythonhosted.org/packages/23/be/56bef1919005b4caf1f71522b300d359f7faeb7ae93a3b0baa9b4f146a87/igraph-1.0.0.tar.gz", hash = "sha256:2414d0be2e4d77ee5357807d100974b40f6082bb1bb71988ec46cfb6728651ee", size = 5077105, upload-time = "2025-10-23T12:22:50.127Z" }
wheels = [
    { url = "https://files.pythonhosted.org/packages/a5/03/3278ad0ceb3ea0e84d8ae3a85bdded4d0e57853aeb802a200feb43847b93/igraph-1.0.0-cp39-abi3-macosx_10_15_x86_64.whl", hash = "sha256:c2cbc415e02523e5a241eecee82319080bf928a70b1ba299f3b3e25bf029b6d4", size = 2257415, upload-time = "2025-10-23T12:22:27.246Z" },
    { url = "https://files.pythonhosted.org/packages/0d/bc/6281ec7f9baaf71ee57c3b1748da2d3148d15d253e1a03006f204aa68ca5/igraph-1.0.0-cp39-abi3-macosx_11_0_arm64.whl", hash = "sha256:1a27753cd80680a8f676c2d5a467aaa4a95e510b30748398ec4e4aeb982130e8", size = 2048555, upload-time = "2025-10-23T12:22:29.49Z" },
    { url = "https://files.pythonhosted.org/packages/2a/38/3cd6428a4ed4c09a56df05998438e7774fd1d799ee4fb8fc481674f5f7fc/igraph-1.0.0-cp39-abi3-manylinux_2_28_aarch64.whl", hash = "sha256:a55dc3a2a4e3fc3eba42479910c1511bfc3ecb33cdf5f0406891fd85f14b5aee", size = 5314141, upload-time = "2025-10-23T12:22:31.023Z" },
    { url = "https://files.pythonhosted.org/packages/7d/da/dd2867c25adbb41563720f14b5fc895c98bf88be682a3faff4f7b3118d2a/igraph-1.0.0-cp39-abi3-manylinux_2_28_x86_64.whl", hash = "sha256:2d04c2c76f686fb1f554ee35dfd3085f5e73b7965ba6b4cf06d53e66b1955522", size = 5683134, upload-time = "2025-10-23T12:22:32.423Z" },
    { url = "https://files.pythonhosted.org/packages/e5/40/243c118d34ab80382d7009c4dcb99b887384c3d2ce84d29eeac19e2a007a/igraph-1.0.0-cp39-abi3-musllinux_1_2_aarch64.whl", hash = "sha256:f2b52dc1757fff0fed29a9f7a276d971a11db4211569ed78b9eab36288dfcc9d", size = 6211583, upload-time = "2025-10-23T12:22:34.238Z" },
    { url = "https://files.pythonhosted.org/packages/1d/b7/88f433819c54b496cb0315fce28e658970cb20ff5dbd52a5a605ce2888de/igraph-1.0.0-cp39-abi3-musllinux_1_2_x86_64.whl", hash = "sha256:05c79a2a8fca695b2f217a6fa7f2549f896f757d4db41be32a055400cb19cc30", size = 6594509, upload-time = "2025-10-23T12:22:35.831Z" },
    { url = "https://files.pythonhosted.org/packages/7b/5d/8f7f6f619d374e959aa3664ebc4b24c10abc90c2e8efbed97f2623fadaf5/igraph-1.0.0-cp39-abi3-win32.whl", hash = "sha256:c2bce3cd472fec3dd9c4d8a3ea5b6b9be65fb30edf760beb4850760dd4f2d479", size = 2725406, upload-time = "2025-10-23T12:22:37.588Z" },
    { url = "https://files.pythonhosted.org/packages/af/77/a85b3745cf40a0572bae2de8cd9c2a2a8af78e5cf3e880fc0a249114e609/igraph-1.0.0-cp39-abi3-win_amd64.whl", hash = "sha256:faeff8ede0cf15eb4ded44b0fcea6e1886740146e60504c24ad2da14e0939563", size = 3221663, upload-time = "2025-10-23T12:22:39.404Z" },
    { url = "https://files.pythonhosted.org/packages/ef/7e/5df541c37bdf6493035e89c22bd53f30d99b291bcda6c78e9a8afeecec2b/igraph-1.0.0-cp39-abi3-win_arm64.whl", hash = "sha256:b607cafc24b10a615e713ee96e58208ef27e0764af80140c7cc45d4724a3f2df", size = 2785701, upload-time = "2025-10-23T12:22:41.03Z" },
]

[[package]]
name = "leidenalg"
version = "0.11.0"
source = { registry = "https://pypi.org/simple" }
dependencies = [
    { name = "igraph" },
]
sdist = { url = "https://files.pythonhosted.org/packages/5d/a5/853e93441aed7f82b0389f86f37e19413e817ba0c54cc790895935256968/leidenalg-0.11.0.tar.gz", hash = "sha256:f454be96bbc8089ea2a90ca853d8d389ab646de964a03bd58417f8b29ff8ef5d", size = 452850, upload-time = "2025-10-31T17:14:48.684Z" }
wheels = [
    { url = "https://files.pythonhosted.org/packages/28/a9/4ab4e244215db0c8b626e4bed0d3e0fbd191c52d2d5f5cb9d160139ecc7e/leidenalg-0.11.0-cp38-abi3-macosx_10_9_x86_64.whl", hash = "sha256:5607589050bfc1926e657b4d8a3b5341fe1eb81018c22cf4a3d3a39e368d1fcb", size = 2256514, upload-time = "2025-10-31T17:14:27.574Z" },
    { url = "https://files.pythonhosted.org/packages/98/f4/98db342d603671ae0a233f0a624939a47161044a2716cbd62a50440a1132/leidenalg-0.11.0-cp38-abi3-macosx_11_0_arm64.whl", hash = "sha256:9b5781876b1f1faed72a4f9926ff52de286843556b9d6791fe25a2acb33b7a5c", size = 1926003, upload-time = "2025-10-31T17:14:29.521Z" },
    { url = "https://files.pythonhosted.org/packages/9b/38/fd6ac21af10b12828b472eada4fce0edf2a212581238ad0c8d1afebc6f98/leidenalg-0.11.0-cp38-abi3-manylinux_2_26_aarch64.manylinux_2_28_aarch64.whl", hash = "sha256:a80f49477f8e793f27d8e08949177f19e3834cd878af50a662b4f87335d06549", size = 2545535, upload-time = "2025-10-31T17:14:31.102Z" },
    { url = "https://files.pythonhosted.org/packages/77/87/b087584750a788535b4a8d56ddeb82a175d32b472aa5338a4e2cc593a42c/leidenalg-0.11.0-cp38-abi3-manylinux_2_26_i686.manylinux_2_28_i686.whl", hash = "sha256:2143be3e80485584ccbdf927323fce65345da17facd0f8b438f11015f5dc6c27", size = 2845029, upload-time = "2025-10-31T17:14:32.815Z" },
    { url = "https://files.pythonhosted.org/packages/b0/a4/a89e2ce16a580f7bea066ed49364f0b3e04a6412f0c3692975bee8515141/leidenalg-0.11.0-cp38-abi3-manylinux_2_27_x86_64.manylinux_2_28_x86_64.whl", hash = "sha256:571a0934f831a69442d82889d319bdba93de924bd9e09b720cd8cbe6fdc08c17", size = 2738084, upload-time = "2025-10-31T17:14:35.246Z" },
    { url = "https://files.pythonhosted.org/packages/e8/fe/8923cac6cd7c9e0ac5f38aaa69a4744c93d025575763d05f7a3baae8020d/leidenalg-0.11.0-cp38-abi3-musllinux_1_2_i686.whl", hash = "sha256:aec03e7178b19102dd271b453a39b9865cf283b4113151ba60514e5681046294", size = 4070307, upload-time = "2025-10-31T17:14:36.796Z" },
    { url = "https://files.pythonhosted.org/packages/fe/94/beaab5ee9968f9389f705532c31ffb868bad8a5ce68fb699ddde5ddc5409/leidenalg-0.11.0-cp38-abi3-musllinux_1_2_x86_64.whl", hash = "sha256:310b9269a11fd1e960590c1a2b6ff685a2cc42aa3234ce67bc2a623ab61f26a9", size = 3797863, upload-time = "2025-10-31T17:14:38.124Z" },
    { url = "https://files.pythonhosted.org/packages/6e/8e/8caf4ba38fd7d8e6197348b348a4ab666b1b3117225ea2f0934a98a93176/leidenalg-0.11.0-cp38-abi3-win32.whl", hash = "sha256:5ea4cd7ee054540112b28f7e2d64658dcccd59f61a5d6a08a41df808645f96e9", size = 1643351, upload-time = "2025-10-31T17:14:39.385Z" },
    { url = "https://files.pythonhosted.org/packages/47/15/7d459a8e2a43f17c1db129b997b7bb7aa7f000a0967bab87c28b8c5cf448/leidenalg-0.11.0-cp38-abi3-win_amd64.whl", hash = "sha256:5e789c0960008d185413344a402d0587580c441644d4d20bf57c96f25d4d1710", size = 1990321, upload-time = "2025-10-31T17:14:40.892Z" },
]

[[package]]
name = "ssnclust"
version = "0.1.0"
source = { virtual = "." }
dependencies = [
    { name = "igraph" },
    { name = "leidenalg" },
]

[package.metadata]
requires-dist = [
    { name = "igraph", specifier = ">=1.0.0" },
    { name = "leidenalg", specifier = ">=0.11.0" },
]

[[package]]
name = "texttable"
version = "1.7.0"
source = { registry = "https://pypi.org/simple" }
sdist = { url = "https://files.pythonhosted.org/packages/1c/dc/0aff23d6036a4d3bf4f1d8c8204c5c79c4437e25e0ae94ffe4bbb55ee3c2/texttable-1.7.0.tar.gz", hash = "sha256:2d2068fb55115807d3ac77a4ca68fa48803e84ebb0ee2340f858107a36522638", size = 12831, upload-time = "2023-10-03T09:48:12.272Z" }
wheels = [
    { url = "https://files.pythonhosted.org/packages/24/99/4772b8e00a136f3e01236de33b0efda31ee7077203ba5967fcc76da94d65/texttable-1.7.0-py2.py3-none-any.whl", hash = "sha256:72227d592c82b3d7f672731ae73e4d1f88cd8e2ef5b075a7a7f01a23a3743917", size = 10768, upload-time = "2023-10-03T09:48:10.434Z" },
]
